
Microsoft Visual Studio Solution File, Format Version 12.00
# Visual Studio Version 17
VisualStudioVersion = 17.9.34728.123
MinimumVisualStudioVersion = 10.0.40219.1
Project("{FAE04EC0-301F-11D3-BF4B-00C04F79EFBC}") = "PizzaSalesAndOrder", "PizzaSalesAndOrder\PizzaSalesAndOrder.csproj", "{8434E0B7-B4C2-4F85-BDCF-CD1581A3DD5A}"
EndProject
Global
	GlobalSection(SolutionConfigurationPlatforms) = preSolution
		Debug|Any CPU = Debug|Any CPU
		Release|Any CPU = Release|Any CPU
	EndGlobalSection
	GlobalSection(ProjectConfigurationPlatforms) = postSolution
		{8434E0B7-B4C2-4F85-BDCF-CD1581A3DD5A}.Debug|Any CPU.ActiveCfg = Debug|Any CPU
		{8434E0B7-B4C2-4F85-BDCF-CD1581A3DD5A}.Debug|Any CPU.Build.0 = Debug|Any CPU
		{8434E0B7-B4C2-4F85-BDCF-CD1581A3DD5A}.Release|Any CPU.ActiveCfg = Release|Any CPU
		{8434E0B7-B4C2-4F85-BDCF-CD1581A3DD5A}.Release|Any CPU.Build.0 = Release|Any CPU
	EndGlobalSection
	GlobalSection(SolutionProperties) = preSolution
		HideSolutionNode = FALSE
	EndGlobalSection
	GlobalSection(ExtensibilityGlobals) = postSolution
		SolutionGuid = {A71B0F24-4286-419E-9202-F50316FA9281}
	EndGlobalSection
EndGlobal
